
Microsoft Visual Studio Solution File, Format Version 12.00
# Visual Studio Version 16
VisualStudioVersion = 16.0.34407.143
MinimumVisualStudioVersion = 10.0.40219.1
Project("{FAE04EC0-301F-11D3-BF4B-00C04F79EFBC}") = "GetGroupsAD", "GetGroupsAD\GetGroupsAD.csproj", "{E90E066A-B0EF-4B0A-8A95-40D09B16B6B5}"
EndProject
Global
	GlobalSection(SolutionConfigurationPlatforms) = preSolution
		Debug|Any CPU = Debug|Any CPU
		Release|Any CPU = Release|Any CPU
	EndGlobalSection
	GlobalSection(ProjectConfigurationPlatforms) = postSolution
		{E90E066A-B0EF-4B0A-8A95-40D09B16B6B5}.Debug|Any CPU.ActiveCfg = Debug|Any CPU
		{E90E066A-B0EF-4B0A-8A95-40D09B16B6B5}.Debug|Any CPU.Build.0 = Debug|Any CPU
		{E90E066A-B0EF-4B0A-8A95-40D09B16B6B5}.Release|Any CPU.ActiveCfg = Release|Any CPU
		{E90E066A-B0EF-4B0A-8A95-40D09B16B6B5}.Release|Any CPU.Build.0 = Release|Any CPU
	EndGlobalSection
	GlobalSection(SolutionProperties) = preSolution
		HideSolutionNode = FALSE
	EndGlobalSection
	GlobalSection(ExtensibilityGlobals) = postSolution
		SolutionGuid = {F2B2BEE7-B480-4526-931B-857C930F5499}
	EndGlobalSection
EndGlobal
